
Microsoft Visual Studio Solution File, Format Version 12.00
# Visual Studio Version 17
VisualStudioVersion = 17.9.34622.214
MinimumVisualStudioVersion = 10.0.40219.1
Project("{FAE04EC0-301F-11D3-BF4B-00C04F79EFBC}") = "FizzBuzz", "FizzBuzz\FizzBuzz.csproj", "{E0B5D04B-1BEC-474B-B117-FB8EDEE14F27}"
EndProject
Project("{FAE04EC0-301F-11D3-BF4B-00C04F79EFBC}") = "FizzBuzz.Core", "FizzBuzz.Core\FizzBuzz.Core.csproj", "{4EDC0FCD-03F3-4026-886C-E15461237429}"
EndProject
Project("{FAE04EC0-301F-11D3-BF4B-00C04F79EFBC}") = "FizzBuzz.CoreTests", "FizzBuzz.CoreTests\FizzBuzz.CoreTests.csproj", "{739D8DA4-E2DA-4479-87F9-C668DB135230}"
EndProject
Global
	GlobalSection(SolutionConfigurationPlatforms) = preSolution
		Debug|Any CPU = Debug|Any CPU
		Release|Any CPU = Release|Any CPU
	EndGlobalSection
	GlobalSection(ProjectConfigurationPlatforms) = postSolution
		{E0B5D04B-1BEC-474B-B117-FB8EDEE14F27}.Debug|Any CPU.ActiveCfg = Debug|Any CPU
		{E0B5D04B-1BEC-474B-B117-FB8EDEE14F27}.Debug|Any CPU.Build.0 = Debug|Any CPU
		{E0B5D04B-1BEC-474B-B117-FB8EDEE14F27}.Release|Any CPU.ActiveCfg = Release|Any CPU
		{E0B5D04B-1BEC-474B-B117-FB8EDEE14F27}.Release|Any CPU.Build.0 = Release|Any CPU
		{4EDC0FCD-03F3-4026-886C-E15461237429}.Debug|Any CPU.ActiveCfg = Debug|Any CPU
		{4EDC0FCD-03F3-4026-886C-E15461237429}.Debug|Any CPU.Build.0 = Debug|Any CPU
		{4EDC0FCD-03F3-4026-886C-E15461237429}.Release|Any CPU.ActiveCfg = Release|Any CPU
		{4EDC0FCD-03F3-4026-886C-E15461237429}.Release|Any CPU.Build.0 = Release|Any CPU
		{739D8DA4-E2DA-4479-87F9-C668DB135230}.Debug|Any CPU.ActiveCfg = Debug|Any CPU
		{739D8DA4-E2DA-4479-87F9-C668DB135230}.Debug|Any CPU.Build.0 = Debug|Any CPU
		{739D8DA4-E2DA-4479-87F9-C668DB135230}.Release|Any CPU.ActiveCfg = Release|Any CPU
		{739D8DA4-E2DA-4479-87F9-C668DB135230}.Release|Any CPU.Build.0 = Release|Any CPU
	EndGlobalSection
	GlobalSection(SolutionProperties) = preSolution
		HideSolutionNode = FALSE
	EndGlobalSection
	GlobalSection(ExtensibilityGlobals) = postSolution
		SolutionGuid = {20A9BBC1-01F5-4363-A2A2-D17073E9156B}
	EndGlobalSection
EndGlobal
